
Microsoft Visual Studio Solution File, Format Version 12.00
# Visual Studio Version 16
VisualStudioVersion = 16.0.30225.117
MinimumVisualStudioVersion = 10.0.40219.1
Project("{FAE04EC0-301F-11D3-BF4B-00C04F79EFBC}") = "WebcamCapture", "WebcamCapture\WebcamCapture.csproj", "{621D352F-B59A-49AA-9BA6-9D7B9223F68D}"
EndProject
Global
	GlobalSection(SolutionConfigurationPlatforms) = preSolution
		Debug|Any CPU = Debug|Any CPU
		Release|Any CPU = Release|Any CPU
	EndGlobalSection
	GlobalSection(ProjectConfigurationPlatforms) = postSolution
		{621D352F-B59A-49AA-9BA6-9D7B9223F68D}.Debug|Any CPU.ActiveCfg = Debug|Any CPU
		{621D352F-B59A-49AA-9BA6-9D7B9223F68D}.Debug|Any CPU.Build.0 = Debug|Any CPU
		{621D352F-B59A-49AA-9BA6-9D7B9223F68D}.Release|Any CPU.ActiveCfg = Release|Any CPU
		{621D352F-B59A-49AA-9BA6-9D7B9223F68D}.Release|Any CPU.Build.0 = Release|Any CPU
	EndGlobalSection
	GlobalSection(SolutionProperties) = preSolution
		HideSolutionNode = FALSE
	EndGlobalSection
	GlobalSection(ExtensibilityGlobals) = postSolution
		SolutionGuid = {44AB1D2C-94EC-4E69-9814-D6C78C7B9752}
	EndGlobalSection
EndGlobal
